
Microsoft Visual Studio Solution File, Format Version 12.00
# Visual Studio Version 16
VisualStudioVersion = 16.0.30413.136
MinimumVisualStudioVersion = 10.0.40219.1
Project("{FAE04EC0-301F-11D3-BF4B-00C04F79EFBC}") = "ConsoleApp8", "ConsoleApp8\ConsoleApp8.csproj", "{B96040ED-3C51-46CB-86E7-96C09C83F48C}"
EndProject
Global
	GlobalSection(SolutionConfigurationPlatforms) = preSolution
		Debug|Any CPU = Debug|Any CPU
		Release|Any CPU = Release|Any CPU
	EndGlobalSection
	GlobalSection(ProjectConfigurationPlatforms) = postSolution
		{B96040ED-3C51-46CB-86E7-96C09C83F48C}.Debug|Any CPU.ActiveCfg = Debug|Any CPU
		{B96040ED-3C51-46CB-86E7-96C09C83F48C}.Debug|Any CPU.Build.0 = Debug|Any CPU
		{B96040ED-3C51-46CB-86E7-96C09C83F48C}.Release|Any CPU.ActiveCfg = Release|Any CPU
		{B96040ED-3C51-46CB-86E7-96C09C83F48C}.Release|Any CPU.Build.0 = Release|Any CPU
	EndGlobalSection
	GlobalSection(SolutionProperties) = preSolution
		HideSolutionNode = FALSE
	EndGlobalSection
	GlobalSection(ExtensibilityGlobals) = postSolution
		SolutionGuid = {CB98F692-0A1B-40CD-AAFD-D7428B07E765}
	EndGlobalSection
EndGlobal
